// !$*UTF8*$!
{
	archiveVersion = 1;
	classes = {
	};
	objectVersion = 50;
	objects = {

/* Begin PBXBuildFile section */
		186E70032446E8CC00212C23 /* AppDelegate.swift in Sources */ = {isa = PBXBuildFile; fileRef = 186E70022446E8CC00212C23 /* AppDelegate.swift */; };
		186E70052446E8CC00212C23 /* art.scnassets in Resources */ = {isa = PBXBuildFile; fileRef = 186E70042446E8CC00212C23 /* art.scnassets */; };
		186E700A2446E8CC00212C23 /* Main.storyboard in Resources */ = {isa = PBXBuildFile; fileRef = 186E70082446E8CC00212C23 /* Main.storyboard */; };
		186E700C2446E8CE00212C23 /* Assets.xcassets in Resources */ = {isa = PBXBuildFile; fileRef = 186E700B2446E8CE00212C23 /* Assets.xcassets */; };
		186E700F2446E8CE00212C23 /* LaunchScreen.storyboard in Resources */ = {isa = PBXBuildFile; fileRef = 186E700D2446E8CE00212C23 /* LaunchScreen.storyboard */; };
		186E70212446E9E700212C23 /* OverlayPlane.swift in Sources */ = {isa = PBXBuildFile; fileRef = 186E70202446E9E700212C23 /* OverlayPlane.swift */; };
		186E70232446EB6800212C23 /* ViewController.swift in Sources */ = {isa = PBXBuildFile; fileRef = 186E70222446EB6700212C23 /* ViewController.swift */; };
		186E70252446EC8200212C23 /* overlay_grid.png in Resources */ = {isa = PBXBuildFile; fileRef = 186E70242446EC8200212C23 /* overlay_grid.png */; };
/* End PBXBuildFile section */

/* Begin PBXFileReference section */
		186E6FFF2446E8CC00212C23 /* ARkitApp.app */ = {isa = PBXFileReference; explicitFileType = wrapper.application; includeInIndex = 0; path = ARkitApp.app; sourceTree = BUILT_PRODUCTS_DIR; };
		186E70022446E8CC00212C23 /* AppDelegate.swift */ = {isa = PBXFileReference; lastKnownFileType = sourcecode.swift; path = AppDelegate.swift; sourceTree = "<group>"; };
		186E70042446E8CC00212C23 /* art.scnassets */ = {isa = PBXFileReference; lastKnownFileType = wrapper.scnassets; path = art.scnassets; sourceTree = "<group>"; };
		186E70092446E8CC00212C23 /* Base */ = {isa = PBXFileReference; lastKnownFileType = file.storyboard; name = Base; path = Base.lproj/Main.storyboard; sourceTree = "<group>"; };
		186E700B2446E8CE00212C23 /* Assets.xcassets */ = {isa = PBXFileReference; lastKnownFileType = folder.assetcatalog; path = Assets.xcassets; sourceTree = "<group>"; };
		186E700E2446E8CE00212C23 /* Base */ = {isa = PBXFileReference; lastKnownFileType = file.storyboard; name = Base; path = Base.lproj/LaunchScreen.storyboard; sourceTree = "<group>"; };
		186E70102446E8CE00212C23 /* Info.plist */ = {isa = PBXFileReference; lastKnownFileType = text.plist.xml; path = Info.plist; sourceTree = "<group>"; };
		186E70202446E9E700212C23 /* OverlayPlane.swift */ = {isa = PBXFileReference; lastKnownFileType = sourcecode.swift; path = OverlayPlane.swift; sourceTree = "<group>"; };
		186E70222446EB6700212C23 /* ViewController.swift */ = {isa = PBXFileReference; lastKnownFileType = sourcecode.swift; path = ViewController.swift; sourceTree = "<group>"; };
		186E70242446EC8200212C23 /* overlay_grid.png */ = {isa = PBXFileReference; lastKnownFileType = image.png; name = overlay_grid.png; path = ../../AddingPhysics/AddingPhysics/overlay_grid.png; sourceTree = "<group>"; };
/* End PBXFileReference section */

/* Begin PBXFrameworksBuildPhase section */
		186E6FFC2446E8CC00212C23 /* Frameworks */ = {
			isa = PBXFrameworksBuildPhase;
			buildActionMask = 2147483647;
			files = (
			);
			runOnlyForDeploymentPostprocessing = 0;
		};
/* End PBXFrameworksBuildPhase section */

/* Begin PBXGroup section */
		186E6FF62446E8CB00212C23 = {
			isa = PBXGroup;
			children = (
				186E70012446E8CC00212C23 /* ARkitApp */,
				186E70002446E8CC00212C23 /* Products */,
			);
			sourceTree = "<group>";
		};
		186E70002446E8CC00212C23 /* Products */ = {
			isa = PBXGroup;
			children = (
				186E6FFF2446E8CC00212C23 /* ARkitApp.app */,
			);
			name = Products;
			sourceTree = "<group>";
		};
		186E70012446E8CC00212C23 /* ARkitApp */ = {
			isa = PBXGroup;
			children = (
				186E70022446E8CC00212C23 /* AppDelegate.swift */,
				186E70222446EB6700212C23 /* ViewController.swift */,
				186E70242446EC8200212C23 /* overlay_grid.png */,
				186E70042446E8CC00212C23 /* art.scnassets */,
				186E70202446E9E700212C23 /* OverlayPlane.swift */,
				186E70082446E8CC00212C23 /* Main.storyboard */,
				186E700B2446E8CE00212C23 /* Assets.xcassets */,
				186E700D2446E8CE00212C23 /* LaunchScreen.storyboard */,
				186E70102446E8CE00212C23 /* Info.plist */,
			);
			path = ARkitApp;
			sourceTree = "<group>";
		};
/* End PBXGroup section */

/* Begin PBXNativeTarget section */
		186E6FFE2446E8CC00212C23 /* ARkitApp */ = {
			isa = PBXNativeTarget;
			buildConfigurationList = 186E70132446E8CE00212C23 /* Build configuration list for PBXNativeTarget "ARkitApp" */;
			buildPhases = (
				186E6FFB2446E8CC00212C23 /* Sources */,
				186E6FFC2446E8CC00212C23 /* Frameworks */,
				186E6FFD2446E8CC00212C23 /* Resources */,
			);
			buildRules = (
			);
			dependencies = (
			);
			name = ARkitApp;
			productName = ARkitApp;
			productReference = 186E6FFF2446E8CC00212C23 /* ARkitApp.app */;
			productType = "com.apple.product-type.application";
		};
/* End PBXNativeTarget section */

/* Begin PBXProject section */
		186E6FF72446E8CC00212C23 /* Project object */ = {
			isa = PBXProject;
			attributes = {
				LastSwiftUpdateCheck = 1140;
				LastUpgradeCheck = 1140;
				ORGANIZATIONNAME = odyflame;
				TargetAttributes = {
					186E6FFE2446E8CC00212C23 = {
						CreatedOnToolsVersion = 11.4;
					};
				};
			};
			buildConfigurationList = 186E6FFA2446E8CC00212C23 /* Build configuration list for PBXProject "ARkitApp" */;
			compatibilityVersion = "Xcode 9.3";
			developmentRegion = en;
			hasScannedForEncodings = 0;
			knownRegions = (
				en,
				Base,
			);
			mainGroup = 186E6FF62446E8CB00212C23;
			productRefGroup = 186E70002446E8CC00212C23 /* Products */;
			projectDirPath = "";
			projectRoot = "";
			targets = (
				186E6FFE2446E8CC00212C23 /* ARkitApp */,
			);
		};
/* End PBXProject section */

/* Begin PBXResourcesBuildPhase section */
		186E6FFD2446E8CC00212C23 /* Resources */ = {
			isa = PBXResourcesBuildPhase;
			buildActionMask = 2147483647;
			files = (
				186E70052446E8CC00212C23 /* art.scnassets in Resources */,
				186E70252446EC8200212C23 /* overlay_grid.png in Resources */,
				186E700F2446E8CE00212C23 /* LaunchScreen.storyboard in Resources */,
				186E700C2446E8CE00212C23 /* Assets.xcassets in Resources */,
				186E700A2446E8CC00212C23 /* Main.storyboard in Resources */,
			);
			runOnlyForDeploymentPostprocessing = 0;
		};
/* End PBXResourcesBuildPhase section */

/* Begin PBXSourcesBuildPhase section */
		186E6FFB2446E8CC00212C23 /* Sources */ = {
			isa = PBXSourcesBuildPhase;
			buildActionMask = 2147483647;
			files = (
				186E70232446EB6800212C23 /* ViewController.swift in Sources */,
				186E70212446E9E700212C23 /* OverlayPlane.swift in Sources */,
				186E70032446E8CC00212C23 /* AppDelegate.swift in Sources */,
			);
			runOnlyForDeploymentPostprocessing = 0;
		};
/* End PBXSourcesBuildPhase section */

/* Begin PBXVariantGroup section */
		186E70082446E8CC00212C23 /* Main.storyboard */ = {
			isa = PBXVariantGroup;
			children = (
				186E70092446E8CC00212C23 /* Base */,
			);
			name = Main.storyboard;
			sourceTree = "<group>";
		};
		186E700D2446E8CE00212C23 /* LaunchScreen.storyboard */ = {
			isa = PBXVariantGroup;
			children = (
				186E700E2446E8CE00212C23 /* Base */,
			);
			name = LaunchScreen.storyboard;
			sourceTree = "<group>";
		};
/* End PBXVariantGroup section */

/* Begin XCBuildConfiguration section */
		186E70112446E8CE00212C23 /* Debug */ = {
			isa = XCBuildConfiguration;
			buildSettings = {
				ALWAYS_SEARCH_USER_PATHS = NO;
				CLANG_ANALYZER_NONNULL = YES;
				CLANG_ANALYZER_NUMBER_OBJECT_CONVERSION = YES_AGGRESSIVE;
				CLANG_CXX_LANGUAGE_STANDARD = "gnu++14";
				CLANG_CXX_LIBRARY = "libc++";
				CLANG_ENABLE_MODULES = YES;
				CLANG_ENABLE_OBJC_ARC = YES;
				CLANG_ENABLE_OBJC_WEAK = YES;
				CLANG_WARN_BLOCK_CAPTURE_AUTORELEASING = YES;
				CLANG_WARN_BOOL_CONVERSION = YES;
				CLANG_WARN_COMMA = YES;
				CLANG_WARN_CONSTANT_CONVERSION = YES;
				CLANG_WARN_DEPRECATED_OBJC_IMPLEMENTATIONS = YES;
				CLANG_WARN_DIRECT_OBJC_ISA_USAGE = YES_ERROR;
				CLANG_WARN_DOCUMENTATION_COMMENTS = YES;
				CLANG_WARN_EMPTY_BODY = YES;
				CLANG_WARN_ENUM_CONVERSION = YES;
				CLANG_WARN_INFINITE_RECURSION = YES;
				CLANG_WARN_INT_CONVERSION = YES;
				CLANG_WARN_NON_LITERAL_NULL_CONVERSION = YES;
				CLANG_WARN_OBJC_IMPLICIT_RETAIN_SELF = YES;
				CLANG_WARN_OBJC_LITERAL_CONVERSION = YES;
				CLANG_WARN_OBJC_ROOT_CLASS = YES_ERROR;
				CLANG_WARN_RANGE_LOOP_ANALYSIS = YES;
				CLANG_WARN_STRICT_PROTOTYPES = YES;
				CLANG_WARN_SUSPICIOUS_MOVE = YES;
				CLANG_WARN_UNGUARDED_AVAILABILITY = YES_AGGRESSIVE;
				CLANG_WARN_UNREACHABLE_CODE = YES;
				CLANG_WARN__DUPLICATE_METHOD_MATCH = YES;
				COPY_PHASE_STRIP = NO;
				DEBUG_INFORMATION_FORMAT = dwarf;
				ENABLE_STRICT_OBJC_MSGSEND = YES;
				ENABLE_TESTABILITY = YES;
				GCC_C_LANGUAGE_STANDARD = gnu11;
				GCC_DYNAMIC_NO_PIC = NO;
				GCC_NO_COMMON_BLOCKS = YES;
				GCC_OPTIMIZATION_LEVEL = 0;
				GCC_PREPROCESSOR_DEFINITIONS = (
					"DEBUG=1",
					"$(inherited)",
				);
				GCC_WARN_64_TO_32_BIT_CONVERSION = YES;
				GCC_WARN_ABOUT_RETURN_TYPE = YES_ERROR;
				GCC_WARN_UNDECLARED_SELECTOR = YES;
				GCC_WARN_UNINITIALIZED_AUTOS = YES_AGGRESSIVE;
				GCC_WARN_UNUSED_FUNCTION = YES;
				GCC_WARN_UNUSED_VARIABLE = YES;
				IPHONEOS_DEPLOYMENT_TARGET = 13.4;
				MTL_ENABLE_DEBUG_INFO = INCLUDE_SOURCE;
				MTL_FAST_MATH = YES;
				ONLY_ACTIVE_ARCH = YES;
				SDKROOT = iphoneos;
				SWIFT_ACTIVE_COMPILATION_CONDITIONS = DEBUG;
				SWIFT_OPTIMIZATION_LEVEL = "-Onone";
			};
			name = Debug;
		};
		186E70122446E8CE00212C23 /* Release */ = {
			isa = XCBuildConfiguration;
			buildSettings = {
				ALWAYS_SEARCH_USER_PATHS = NO;
				CLANG_ANALYZER_NONNULL = YES;
				CLANG_ANALYZER_NUMBER_OBJECT_CONVERSION = YES_AGGRESSIVE;
				CLANG_CXX_LANGUAGE_STANDARD = "gnu++14";
				CLANG_CXX_LIBRARY = "libc++";
				CLANG_ENABLE_MODULES = YES;
				CLANG_ENABLE_OBJC_ARC = YES;
				CLANG_ENABLE_OBJC_WEAK = YES;
				CLANG_WARN_BLOCK_CAPTURE_AUTORELEASING = YES;
				CLANG_WARN_BOOL_CONVERSION = YES;
				CLANG_WARN_COMMA = YES;
				CLANG_WARN_CONSTANT_CONVERSION = YES;
				CLANG_WARN_DEPRECATED_OBJC_IMPLEMENTATIONS = YES;
				CLANG_WARN_DIRECT_OBJC_ISA_USAGE = YES_ERROR;
				CLANG_WARN_DOCUMENTATION_COMMENTS = YES;
				CLANG_WARN_EMPTY_BODY = YES;
				CLANG_WARN_ENUM_CONVERSION = YES;
				CLANG_WARN_INFINITE_RECURSION = YES;
				CLANG_WARN_INT_CONVERSION = YES;
				CLANG_WARN_NON_LITERAL_NULL_CONVERSION = YES;
				CLANG_WARN_OBJC_IMPLICIT_RETAIN_SELF = YES;
				CLANG_WARN_OBJC_LITERAL_CONVERSION = YES;
				CLANG_WARN_OBJC_ROOT_CLASS = YES_ERROR;
				CLANG_WARN_RANGE_LOOP_ANALYSIS = YES;
				CLANG_WARN_STRICT_PROTOTYPES = YES;
				CLANG_WARN_SUSPICIOUS_MOVE = YES;
				CLANG_WARN_UNGUARDED_AVAILABILITY = YES_AGGRESSIVE;
				CLANG_WARN_UNREACHABLE_CODE = YES;
				CLANG_WARN__DUPLICATE_METHOD_MATCH = YES;
				COPY_PHASE_STRIP = NO;
				DEBUG_INFORMATION_FORMAT = "dwarf-with-dsym";
				ENABLE_NS_ASSERTIONS = NO;
				ENABLE_STRICT_OBJC_MSGSEND = YES;
				GCC_C_LANGUAGE_STANDARD = gnu11;
				GCC_NO_COMMON_BLOCKS = YES;
				GCC_WARN_64_TO_32_BIT_CONVERSION = YES;
				GCC_WARN_ABOUT_RETURN_TYPE = YES_ERROR;
				GCC_WARN_UNDECLARED_SELECTOR = YES;
				GCC_WARN_UNINITIALIZED_AUTOS = YES_AGGRESSIVE;
				GCC_WARN_UNUSED_FUNCTION = YES;
				GCC_WARN_UNUSED_VARIABLE = YES;
				IPHONEOS_DEPLOYMENT_TARGET = 13.4;
				MTL_ENABLE_DEBUG_INFO = NO;
				MTL_FAST_MATH = YES;
				SDKROOT = iphoneos;
				SWIFT_COMPILATION_MODE = wholemodule;
				SWIFT_OPTIMIZATION_LEVEL = "-O";
				VALIDATE_PRODUCT = YES;
			};
			name = Release;
		};
		186E70142446E8CE00212C23 /* Debug */ = {
			isa = XCBuildConfiguration;
			buildSettings = {
				ASSETCATALOG_COMPILER_APPICON_NAME = AppIcon;
				CODE_SIGN_STYLE = Automatic;
				DEVELOPMENT_TEAM = 4QG3GC35LA;
				INFOPLIST_FILE = ARkitApp/Info.plist;
				LD_RUNPATH_SEARCH_PATHS = (
					"$(inherited)",
					"@executable_path/Frameworks",
				);
				PRODUCT_BUNDLE_IDENTIFIER = odyflame.ARkitApp;
				PRODUCT_NAME = "$(TARGET_NAME)";
				SWIFT_VERSION = 5.0;
				TARGETED_DEVICE_FAMILY = "1,2";
			};
			name = Debug;
		};
		186E70152446E8CE00212C23 /* Release */ = {
			isa = XCBuildConfiguration;
			buildSettings = {
				ASSETCATALOG_COMPILER_APPICON_NAME = AppIcon;
				CODE_SIGN_STYLE = Automatic;
				DEVELOPMENT_TEAM = 4QG3GC35LA;
				INFOPLIST_FILE = ARkitApp/Info.plist;
				LD_RUNPATH_SEARCH_PATHS = (
					"$(inherited)",
					"@executable_path/Frameworks",
				);
				PRODUCT_BUNDLE_IDENTIFIER = odyflame.ARkitApp;
				PRODUCT_NAME = "$(TARGET_NAME)";
				SWIFT_VERSION = 5.0;
				TARGETED_DEVICE_FAMILY = "1,2";
			};
			name = Release;
		};
/* End XCBuildConfiguration section */

/* Begin XCConfigurationList section */
		186E6FFA2446E8CC00212C23 /* Build configuration list for PBXProject "ARkitApp" */ = {
			isa = XCConfigurationList;
			buildConfigurations = (
				186E70112446E8CE00212C23 /* Debug */,
				186E70122446E8CE00212C23 /* Release */,
			);
			defaultConfigurationIsVisible = 0;
			defaultConfigurationName = Release;
		};
		186E70132446E8CE00212C23 /* Build configuration list for PBXNativeTarget "ARkitApp" */ = {
			isa = XCConfigurationList;
			buildConfigurations = (
				186E70142446E8CE00212C23 /* Debug */,
				186E70152446E8CE00212C23 /* Release */,
			);
			defaultConfigurationIsVisible = 0;
			defaultConfigurationName = Release;
		};
/* End XCConfigurationList section */
	};
	rootObject = 186E6FF72446E8CC00212C23 /* Project object */;
}
